
Microsoft Visual Studio Solution File, Format Version 12.00
# Visual Studio Version 17
VisualStudioVersion = 17.11.35208.52
MinimumVisualStudioVersion = 10.0.40219.1
Project("{2150E333-8FDC-42A3-9474-1A3956D46DE8}") = "Core", "Core", "{B1EEAE91-7E21-4A58-9FA7-8B321C641A9D}"
EndProject
Project("{2150E333-8FDC-42A3-9474-1A3956D46DE8}") = "Infrastructure", "Infrastructure", "{88612CB6-8A87-4F35-A83F-755BDB9EAD07}"
EndProject
Project("{2150E333-8FDC-42A3-9474-1A3956D46DE8}") = "Presentation", "Presentation", "{E37C0517-E0BF-4A10-B831-02FF3852822A}"
EndProject
Project("{FAE04EC0-301F-11D3-BF4B-00C04F79EFBC}") = "YoutubeApi.Application", "Core\YoutubeApi.Application\YoutubeApi.Application.csproj", "{EF839637-1282-4834-B180-5C3E36B24A98}"
EndProject
Project("{FAE04EC0-301F-11D3-BF4B-00C04F79EFBC}") = "YoutubeApi.Domain", "Core\YoutubeApi.Domain\YoutubeApi.Domain.csproj", "{C42CB87B-7F08-47C6-A117-BB9ED1546407}"
EndProject
Project("{FAE04EC0-301F-11D3-BF4B-00C04F79EFBC}") = "YoutubeApi.Infrastructure", "Infrastructure\YoutubeApi.Infrastructure\YoutubeApi.Infrastructure.csproj", "{3FE92DC5-9D5C-47D5-8F57-20AD4B221115}"
EndProject
Project("{FAE04EC0-301F-11D3-BF4B-00C04F79EFBC}") = "YoutubeApi.Persistance", "Infrastructure\YoutubeApi.Persistance\YoutubeApi.Persistance.csproj", "{77341059-9F28-43D9-990B-795CF021A64E}"
EndProject
Project("{FAE04EC0-301F-11D3-BF4B-00C04F79EFBC}") = "YoutubeApi.Api", "Presentation\YoutubeApi.Api\YoutubeApi.Api.csproj", "{B4B98697-F005-41EC-972D-CD0489DD0016}"
EndProject
Global
	GlobalSection(SolutionConfigurationPlatforms) = preSolution
		Debug|Any CPU = Debug|Any CPU
		Release|Any CPU = Release|Any CPU
	EndGlobalSection
	GlobalSection(ProjectConfigurationPlatforms) = postSolution
		{EF839637-1282-4834-B180-5C3E36B24A98}.Debug|Any CPU.ActiveCfg = Debug|Any CPU
		{EF839637-1282-4834-B180-5C3E36B24A98}.Debug|Any CPU.Build.0 = Debug|Any CPU
		{EF839637-1282-4834-B180-5C3E36B24A98}.Release|Any CPU.ActiveCfg = Release|Any CPU
		{EF839637-1282-4834-B180-5C3E36B24A98}.Release|Any CPU.Build.0 = Release|Any CPU
		{C42CB87B-7F08-47C6-A117-BB9ED1546407}.Debug|Any CPU.ActiveCfg = Debug|Any CPU
		{C42CB87B-7F08-47C6-A117-BB9ED1546407}.Debug|Any CPU.Build.0 = Debug|Any CPU
		{C42CB87B-7F08-47C6-A117-BB9ED1546407}.Release|Any CPU.ActiveCfg = Release|Any CPU
		{C42CB87B-7F08-47C6-A117-BB9ED1546407}.Release|Any CPU.Build.0 = Release|Any CPU
		{3FE92DC5-9D5C-47D5-8F57-20AD4B221115}.Debug|Any CPU.ActiveCfg = Debug|Any CPU
		{3FE92DC5-9D5C-47D5-8F57-20AD4B221115}.Debug|Any CPU.Build.0 = Debug|Any CPU
		{3FE92DC5-9D5C-47D5-8F57-20AD4B221115}.Release|Any CPU.ActiveCfg = Release|Any CPU
		{3FE92DC5-9D5C-47D5-8F57-20AD4B221115}.Release|Any CPU.Build.0 = Release|Any CPU
		{77341059-9F28-43D9-990B-795CF021A64E}.Debug|Any CPU.ActiveCfg = Debug|Any CPU
		{77341059-9F28-43D9-990B-795CF021A64E}.Debug|Any CPU.Build.0 = Debug|Any CPU
		{77341059-9F28-43D9-990B-795CF021A64E}.Release|Any CPU.ActiveCfg = Release|Any CPU
		{77341059-9F28-43D9-990B-795CF021A64E}.Release|Any CPU.Build.0 = Release|Any CPU
		{B4B98697-F005-41EC-972D-CD0489DD0016}.Debug|Any CPU.ActiveCfg = Debug|Any CPU
		{B4B98697-F005-41EC-972D-CD0489DD0016}.Debug|Any CPU.Build.0 = Debug|Any CPU
		{B4B98697-F005-41EC-972D-CD0489DD0016}.Release|Any CPU.ActiveCfg = Release|Any CPU
		{B4B98697-F005-41EC-972D-CD0489DD0016}.Release|Any CPU.Build.0 = Release|Any CPU
	EndGlobalSection
	GlobalSection(SolutionProperties) = preSolution
		HideSolutionNode = FALSE
	EndGlobalSection
	GlobalSection(NestedProjects) = preSolution
		{EF839637-1282-4834-B180-5C3E36B24A98} = {B1EEAE91-7E21-4A58-9FA7-8B321C641A9D}
		{C42CB87B-7F08-47C6-A117-BB9ED1546407} = {B1EEAE91-7E21-4A58-9FA7-8B321C641A9D}
		{3FE92DC5-9D5C-47D5-8F57-20AD4B221115} = {88612CB6-8A87-4F35-A83F-755BDB9EAD07}
		{77341059-9F28-43D9-990B-795CF021A64E} = {88612CB6-8A87-4F35-A83F-755BDB9EAD07}
		{B4B98697-F005-41EC-972D-CD0489DD0016} = {E37C0517-E0BF-4A10-B831-02FF3852822A}
	EndGlobalSection
	GlobalSection(ExtensibilityGlobals) = postSolution
		SolutionGuid = {D29AE926-9DA6-4CBC-BA06-DA2570282A19}
	EndGlobalSection
EndGlobal
